
Microsoft Visual Studio Solution File, Format Version 12.00
# Visual Studio 14
VisualStudioVersion = 14.0.25420.1
MinimumVisualStudioVersion = 10.0.40219.1
Project("{2150E333-8FDC-42A3-9474-1A3956D46DE8}") = "UserInterface", "UserInterface", "{DC6D2134-4B93-4FBC-9AA6-5344D67F92A0}"
EndProject
Project("{FAE04EC0-301F-11D3-BF4B-00C04F79EFBC}") = "RosaryWPFWindows", "RosaryWindows\RosaryWPFWindows.csproj", "{607683D6-B09B-4FE2-B0D9-13833D81E31D}"
EndProject
Project("{FAE04EC0-301F-11D3-BF4B-00C04F79EFBC}") = "RosaryGroupDomain", "RosaryGroupDomain\RosaryGroupDomain.csproj", "{6580F0A6-96C0-40A8-B6A3-D3B8EAED08F7}"
EndProject
Global
	GlobalSection(SolutionConfigurationPlatforms) = preSolution
		Debug|Any CPU = Debug|Any CPU
		Release|Any CPU = Release|Any CPU
	EndGlobalSection
	GlobalSection(ProjectConfigurationPlatforms) = postSolution
		{607683D6-B09B-4FE2-B0D9-13833D81E31D}.Debug|Any CPU.ActiveCfg = Debug|Any CPU
		{607683D6-B09B-4FE2-B0D9-13833D81E31D}.Debug|Any CPU.Build.0 = Debug|Any CPU
		{607683D6-B09B-4FE2-B0D9-13833D81E31D}.Release|Any CPU.ActiveCfg = Release|Any CPU
		{607683D6-B09B-4FE2-B0D9-13833D81E31D}.Release|Any CPU.Build.0 = Release|Any CPU
		{6580F0A6-96C0-40A8-B6A3-D3B8EAED08F7}.Debug|Any CPU.ActiveCfg = Debug|Any CPU
		{6580F0A6-96C0-40A8-B6A3-D3B8EAED08F7}.Debug|Any CPU.Build.0 = Debug|Any CPU
		{6580F0A6-96C0-40A8-B6A3-D3B8EAED08F7}.Release|Any CPU.ActiveCfg = Release|Any CPU
		{6580F0A6-96C0-40A8-B6A3-D3B8EAED08F7}.Release|Any CPU.Build.0 = Release|Any CPU
	EndGlobalSection
	GlobalSection(SolutionProperties) = preSolution
		HideSolutionNode = FALSE
	EndGlobalSection
	GlobalSection(NestedProjects) = preSolution
		{607683D6-B09B-4FE2-B0D9-13833D81E31D} = {DC6D2134-4B93-4FBC-9AA6-5344D67F92A0}
	EndGlobalSection
EndGlobal
